
Microsoft Visual Studio Solution File, Format Version 12.00
Project("{FAE04EC0-301F-11D3-BF4B-00C04F79EFBC}") = "OOP_Seminar5", "OOP_Seminar5\OOP_Seminar5.csproj", "{ACD543BD-4185-43A6-983B-E6A107F46555}"
EndProject
Global
	GlobalSection(SolutionConfigurationPlatforms) = preSolution
		Debug|Any CPU = Debug|Any CPU
		Release|Any CPU = Release|Any CPU
	EndGlobalSection
	GlobalSection(ProjectConfigurationPlatforms) = postSolution
		{ACD543BD-4185-43A6-983B-E6A107F46555}.Debug|Any CPU.ActiveCfg = Debug|Any CPU
		{ACD543BD-4185-43A6-983B-E6A107F46555}.Debug|Any CPU.Build.0 = Debug|Any CPU
		{ACD543BD-4185-43A6-983B-E6A107F46555}.Release|Any CPU.ActiveCfg = Release|Any CPU
		{ACD543BD-4185-43A6-983B-E6A107F46555}.Release|Any CPU.Build.0 = Release|Any CPU
	EndGlobalSection
EndGlobal
